// !$*UTF8*$!
{
	archiveVersion = 1;
	classes = {
	};
	objectVersion = 50;
	objects = {

/* Begin PBXBuildFile section */
		D61C822323BAE3C800D0FC6B /* DLog.swift in Sources */ = {isa = PBXBuildFile; fileRef = D61C822223BAE3C800D0FC6B /* DLog.swift */; };
		D620F7DE23CD548B00807E96 /* ViewController+Special.swift in Sources */ = {isa = PBXBuildFile; fileRef = D620F7DD23CD548B00807E96 /* ViewController+Special.swift */; };
		D620F7E023CD5EA900807E96 /* ViewController+background.swift in Sources */ = {isa = PBXBuildFile; fileRef = D620F7DF23CD5EA900807E96 /* ViewController+background.swift */; };
		D62575F1239DD791001262A1 /* SPAlertController+Public.swift in Sources */ = {isa = PBXBuildFile; fileRef = D62575F0239DD791001262A1 /* SPAlertController+Public.swift */; };
		D6315177238E4FD30043D403 /* AppDelegate.swift in Sources */ = {isa = PBXBuildFile; fileRef = D6315176238E4FD30043D403 /* AppDelegate.swift */; };
		D631517B238E4FD30043D403 /* ViewController.swift in Sources */ = {isa = PBXBuildFile; fileRef = D631517A238E4FD30043D403 /* ViewController.swift */; };
		D631517E238E4FD30043D403 /* Main.storyboard in Resources */ = {isa = PBXBuildFile; fileRef = D631517C238E4FD30043D403 /* Main.storyboard */; };
		D6315180238E4FD40043D403 /* Assets.xcassets in Resources */ = {isa = PBXBuildFile; fileRef = D631517F238E4FD40043D403 /* Assets.xcassets */; };
		D6315183238E4FD40043D403 /* LaunchScreen.storyboard in Resources */ = {isa = PBXBuildFile; fileRef = D6315181238E4FD40043D403 /* LaunchScreen.storyboard */; };
		D631518C238E50400043D403 /* SPInterfaceActionItemSeparatorView.swift in Sources */ = {isa = PBXBuildFile; fileRef = D631518B238E50400043D403 /* SPInterfaceActionItemSeparatorView.swift */; };
		D631518E238E509D0043D403 /* SPConstant.swift in Sources */ = {isa = PBXBuildFile; fileRef = D631518D238E509D0043D403 /* SPConstant.swift */; };
		D631F91F239BA0BD000BA923 /* SPAlertController+transitionDelegate.swift in Sources */ = {isa = PBXBuildFile; fileRef = D631F91E239BA0BD000BA923 /* SPAlertController+transitionDelegate.swift */; };
		D6486FD3239A1C8B00F3AFB7 /* SPAlertAction.swift in Sources */ = {isa = PBXBuildFile; fileRef = D6486FD2239A1C8B00F3AFB7 /* SPAlertAction.swift */; };
		D65B853323CC3A0B00840186 /* MyView.swift in Sources */ = {isa = PBXBuildFile; fileRef = D65B853223CC3A0B00840186 /* MyView.swift */; };
		D65B853523CC3A1600840186 /* MyView.xib in Resources */ = {isa = PBXBuildFile; fileRef = D65B853423CC3A1600840186 /* MyView.xib */; };
		D65B853923CC3A9200840186 /* PassWordView.m in Sources */ = {isa = PBXBuildFile; fileRef = D65B853823CC3A9200840186 /* PassWordView.m */; };
		D65B853B23CC43BC00840186 /* ShoppingCartView.swift in Sources */ = {isa = PBXBuildFile; fileRef = D65B853A23CC43BC00840186 /* ShoppingCartView.swift */; };
		D65B853E23CC459900840186 /* ShoppingCartCell.swift in Sources */ = {isa = PBXBuildFile; fileRef = D65B853C23CC459900840186 /* ShoppingCartCell.swift */; };
		D65B853F23CC459900840186 /* ShoppingCartCell.xib in Resources */ = {isa = PBXBuildFile; fileRef = D65B853D23CC459900840186 /* ShoppingCartCell.xib */; };
		D65B854123CC550000840186 /* CommodityListView.swift in Sources */ = {isa = PBXBuildFile; fileRef = D65B854023CC550000840186 /* CommodityListView.swift */; };
		D65B854323CC5AF700840186 /* PickerView.swift in Sources */ = {isa = PBXBuildFile; fileRef = D65B854223CC5AF700840186 /* PickerView.swift */; };
		D65B854523CC5B0400840186 /* PickerView.xib in Resources */ = {isa = PBXBuildFile; fileRef = D65B854423CC5B0400840186 /* PickerView.xib */; };
		D65B854823CC637D00840186 /* HCSStarRatingView.m in Sources */ = {isa = PBXBuildFile; fileRef = D65B854623CC637D00840186 /* HCSStarRatingView.m */; };
		D65B854A23CC63A200840186 /* ScoreView.swift in Sources */ = {isa = PBXBuildFile; fileRef = D65B854923CC63A200840186 /* ScoreView.swift */; };
		D65B854C23CC6CE000840186 /* MyCenterView.swift in Sources */ = {isa = PBXBuildFile; fileRef = D65B854B23CC6CE000840186 /* MyCenterView.swift */; };
		D6609B8123D040A0005D3BF2 /* SPInteractiveTransition.swift in Sources */ = {isa = PBXBuildFile; fileRef = D6609B8023D040A0005D3BF2 /* SPInteractiveTransition.swift */; };
		D6609B8423D048E6005D3BF2 /* SPInteractiveTransition.swift in Sources */ = {isa = PBXBuildFile; fileRef = D6609B8023D040A0005D3BF2 /* SPInteractiveTransition.swift */; };
		D67AE238239A254C00BC0A38 /* SPAlertControllerDelegate.swift in Sources */ = {isa = PBXBuildFile; fileRef = D67AE237239A254C00BC0A38 /* SPAlertControllerDelegate.swift */; };
		D67AE23C239A25E400BC0A38 /* SPAlertController.swift in Sources */ = {isa = PBXBuildFile; fileRef = D67AE23B239A25E400BC0A38 /* SPAlertController.swift */; };
		D67AE23E239A269200BC0A38 /* SPAlertPresentationController.swift in Sources */ = {isa = PBXBuildFile; fileRef = D67AE23D239A269200BC0A38 /* SPAlertPresentationController.swift */; };
		D67AE240239A26E000BC0A38 /* SPOverlayView.swift in Sources */ = {isa = PBXBuildFile; fileRef = D67AE23F239A26E000BC0A38 /* SPOverlayView.swift */; };
		D67AE242239A335B00BC0A38 /* SPAlertAnimation.swift in Sources */ = {isa = PBXBuildFile; fileRef = D67AE241239A335B00BC0A38 /* SPAlertAnimation.swift */; };
		D67AE244239A6AB200BC0A38 /* SPInterfaceHeaderScrollView.swift in Sources */ = {isa = PBXBuildFile; fileRef = D67AE243239A6AB200BC0A38 /* SPInterfaceHeaderScrollView.swift */; };
		D67AE246239A6C5200BC0A38 /* SPInterfaceActionSequenceView.swift in Sources */ = {isa = PBXBuildFile; fileRef = D67AE245239A6C5200BC0A38 /* SPInterfaceActionSequenceView.swift */; };
		D67AE248239A729200BC0A38 /* SPAlertControllerActionView.swift in Sources */ = {isa = PBXBuildFile; fileRef = D67AE247239A729200BC0A38 /* SPAlertControllerActionView.swift */; };
		D6B59CDA23D15936003CA9A6 /* CGImage+Accelerate.swift in Sources */ = {isa = PBXBuildFile; fileRef = D6B59CD223D15936003CA9A6 /* CGImage+Accelerate.swift */; };
		D6B59CDB23D15936003CA9A6 /* CGContext+CGImage.swift in Sources */ = {isa = PBXBuildFile; fileRef = D6B59CD323D15936003CA9A6 /* CGContext+CGImage.swift */; };
		D6B59CDC23D15936003CA9A6 /* CaptureQuality.swift in Sources */ = {isa = PBXBuildFile; fileRef = D6B59CD423D15936003CA9A6 /* CaptureQuality.swift */; };
		D6B59CDD23D15936003CA9A6 /* TrackingMode.swift in Sources */ = {isa = PBXBuildFile; fileRef = D6B59CD623D15936003CA9A6 /* TrackingMode.swift */; };
		D6B59CDE23D15936003CA9A6 /* UIImage+Blur.swift in Sources */ = {isa = PBXBuildFile; fileRef = D6B59CD723D15936003CA9A6 /* UIImage+Blur.swift */; };
		D6B59CDF23D15936003CA9A6 /* BlurLayer.swift in Sources */ = {isa = PBXBuildFile; fileRef = D6B59CD823D15936003CA9A6 /* BlurLayer.swift */; };
		D6B59CE023D15936003CA9A6 /* DynamicBlurView.swift in Sources */ = {isa = PBXBuildFile; fileRef = D6B59CD923D15936003CA9A6 /* DynamicBlurView.swift */; };
		D6B59CE223D15FEA003CA9A6 /* CustomOverlayView.swift in Sources */ = {isa = PBXBuildFile; fileRef = D6B59CE123D15FEA003CA9A6 /* CustomOverlayView.swift */; };
		D6B797E123C8B598007A7608 /* ViewController+Attributed.swift in Sources */ = {isa = PBXBuildFile; fileRef = D6B797E023C8B598007A7608 /* ViewController+Attributed.swift */; };
		D6B797E323C9581F007A7608 /* ViewController+Custom.swift in Sources */ = {isa = PBXBuildFile; fileRef = D6B797E223C9581E007A7608 /* ViewController+Custom.swift */; };
		D6B797EF23C95940007A7608 /* SendAlertView.swift in Sources */ = {isa = PBXBuildFile; fileRef = D6B797EE23C95940007A7608 /* SendAlertView.swift */; };
		D6B797F123C9594C007A7608 /* SendAlertView.xib in Resources */ = {isa = PBXBuildFile; fileRef = D6B797F023C9594C007A7608 /* SendAlertView.xib */; };
		D6B797F323C96E1B007A7608 /* Nibloadable.swift in Sources */ = {isa = PBXBuildFile; fileRef = D6B797F223C96E1B007A7608 /* Nibloadable.swift */; };
		D6D1EF7923C851D1002B16B3 /* image8.jpg in Resources */ = {isa = PBXBuildFile; fileRef = D6D1EF6B23C851D1002B16B3 /* image8.jpg */; };
		D6D1EF7A23C851D2002B16B3 /* image9.jpg in Resources */ = {isa = PBXBuildFile; fileRef = D6D1EF6C23C851D1002B16B3 /* image9.jpg */; };
		D6D1EF7B23C851D2002B16B3 /* send0.jpeg in Resources */ = {isa = PBXBuildFile; fileRef = D6D1EF6D23C851D1002B16B3 /* send0.jpeg */; };
		D6D1EF7C23C851D2002B16B3 /* send1.jpeg in Resources */ = {isa = PBXBuildFile; fileRef = D6D1EF6E23C851D1002B16B3 /* send1.jpeg */; };
		D6D1EF7D23C851D2002B16B3 /* image7.jpg in Resources */ = {isa = PBXBuildFile; fileRef = D6D1EF6F23C851D1002B16B3 /* image7.jpg */; };
		D6D1EF7E23C851D2002B16B3 /* image6.jpg in Resources */ = {isa = PBXBuildFile; fileRef = D6D1EF7023C851D1002B16B3 /* image6.jpg */; };
		D6D1EF7F23C851D2002B16B3 /* image4.jpg in Resources */ = {isa = PBXBuildFile; fileRef = D6D1EF7123C851D1002B16B3 /* image4.jpg */; };
		D6D1EF8023C851D2002B16B3 /* image5.jpg in Resources */ = {isa = PBXBuildFile; fileRef = D6D1EF7223C851D1002B16B3 /* image5.jpg */; };
		D6D1EF8123C851D2002B16B3 /* image1.jpg in Resources */ = {isa = PBXBuildFile; fileRef = D6D1EF7323C851D1002B16B3 /* image1.jpg */; };
		D6D1EF8223C851D2002B16B3 /* 背景2.jpg in Resources */ = {isa = PBXBuildFile; fileRef = D6D1EF7423C851D1002B16B3 /* 背景2.jpg */; };
		D6D1EF8323C851D2002B16B3 /* image0.jpg in Resources */ = {isa = PBXBuildFile; fileRef = D6D1EF7523C851D1002B16B3 /* image0.jpg */; };
		D6D1EF8423C851D2002B16B3 /* image2.jpg in Resources */ = {isa = PBXBuildFile; fileRef = D6D1EF7623C851D1002B16B3 /* image2.jpg */; };
		D6D1EF8523C851D2002B16B3 /* 背景1.jpg in Resources */ = {isa = PBXBuildFile; fileRef = D6D1EF7723C851D1002B16B3 /* 背景1.jpg */; };
		D6D1EF8623C851D2002B16B3 /* image3.jpg in Resources */ = {isa = PBXBuildFile; fileRef = D6D1EF7823C851D1002B16B3 /* image3.jpg */; };
		D6D1EF8823C882D5002B16B3 /* ViewController+Sheet.swift in Sources */ = {isa = PBXBuildFile; fileRef = D6D1EF8723C882D4002B16B3 /* ViewController+Sheet.swift */; };
		D6D1EF8A23C8841C002B16B3 /* ViewController+Alert.swift in Sources */ = {isa = PBXBuildFile; fileRef = D6D1EF8923C8841C002B16B3 /* ViewController+Alert.swift */; };
		D6E1BB7723CEE8F200D8F1F1 /* SPAlertController.h in Headers */ = {isa = PBXBuildFile; fileRef = D6E1BB7523CEE8F200D8F1F1 /* SPAlertController.h */; settings = {ATTRIBUTES = (Public, ); }; };
		D6E1BB7A23CEE8F200D8F1F1 /* SPAlertController.framework in Frameworks */ = {isa = PBXBuildFile; fileRef = D6E1BB7323CEE8F200D8F1F1 /* SPAlertController.framework */; };
		D6E1BB7B23CEE8F200D8F1F1 /* SPAlertController.framework in Embed Frameworks */ = {isa = PBXBuildFile; fileRef = D6E1BB7323CEE8F200D8F1F1 /* SPAlertController.framework */; settings = {ATTRIBUTES = (CodeSignOnCopy, RemoveHeadersOnCopy, ); }; };
		D6E1BBB923CEF58C00D8F1F1 /* SPInterfaceActionItemSeparatorView.swift in Sources */ = {isa = PBXBuildFile; fileRef = D631518B238E50400043D403 /* SPInterfaceActionItemSeparatorView.swift */; };
		D6E1BBBA23CEF58C00D8F1F1 /* SPAlertAction.swift in Sources */ = {isa = PBXBuildFile; fileRef = D6486FD2239A1C8B00F3AFB7 /* SPAlertAction.swift */; };
		D6E1BBBB23CEF58C00D8F1F1 /* SPAlertControllerDelegate.swift in Sources */ = {isa = PBXBuildFile; fileRef = D67AE237239A254C00BC0A38 /* SPAlertControllerDelegate.swift */; };
		D6E1BBBC23CEF58C00D8F1F1 /* SPAlertController.swift in Sources */ = {isa = PBXBuildFile; fileRef = D67AE23B239A25E400BC0A38 /* SPAlertController.swift */; };
		D6E1BBBD23CEF58C00D8F1F1 /* SPAlertController+Public.swift in Sources */ = {isa = PBXBuildFile; fileRef = D62575F0239DD791001262A1 /* SPAlertController+Public.swift */; };
		D6E1BBBE23CEF58C00D8F1F1 /* SPAlertController+transitionDelegate.swift in Sources */ = {isa = PBXBuildFile; fileRef = D631F91E239BA0BD000BA923 /* SPAlertController+transitionDelegate.swift */; };
		D6E1BBBF23CEF58C00D8F1F1 /* SPInterfaceHeaderScrollView.swift in Sources */ = {isa = PBXBuildFile; fileRef = D67AE243239A6AB200BC0A38 /* SPInterfaceHeaderScrollView.swift */; };
		D6E1BBC023CEF58C00D8F1F1 /* SPInterfaceActionSequenceView.swift in Sources */ = {isa = PBXBuildFile; fileRef = D67AE245239A6C5200BC0A38 /* SPInterfaceActionSequenceView.swift */; };
		D6E1BBC123CEF58C00D8F1F1 /* SPAlertControllerActionView.swift in Sources */ = {isa = PBXBuildFile; fileRef = D67AE247239A729200BC0A38 /* SPAlertControllerActionView.swift */; };
		D6E1BBC223CEF58C00D8F1F1 /* SPAlertPresentationController.swift in Sources */ = {isa = PBXBuildFile; fileRef = D67AE23D239A269200BC0A38 /* SPAlertPresentationController.swift */; };
		D6E1BBC323CEF58C00D8F1F1 /* SPOverlayView.swift in Sources */ = {isa = PBXBuildFile; fileRef = D67AE23F239A26E000BC0A38 /* SPOverlayView.swift */; };
		D6E1BBC423CEF58C00D8F1F1 /* SPAlertAnimation.swift in Sources */ = {isa = PBXBuildFile; fileRef = D67AE241239A335B00BC0A38 /* SPAlertAnimation.swift */; };
		D6E1BBC523CEF58C00D8F1F1 /* SPConstant.swift in Sources */ = {isa = PBXBuildFile; fileRef = D631518D238E509D0043D403 /* SPConstant.swift */; };
/* End PBXBuildFile section */

/* Begin PBXContainerItemProxy section */
		D6E1BB7823CEE8F200D8F1F1 /* PBXContainerItemProxy */ = {
			isa = PBXContainerItemProxy;
			containerPortal = D631516B238E4FD30043D403 /* Project object */;
			proxyType = 1;
			remoteGlobalIDString = D6E1BB7223CEE8F200D8F1F1;
			remoteInfo = SPAlertController;
		};
/* End PBXContainerItemProxy section */

/* Begin PBXCopyFilesBuildPhase section */
		D6E1BB7C23CEE8F200D8F1F1 /* Embed Frameworks */ = {
			isa = PBXCopyFilesBuildPhase;
			buildActionMask = 2147483647;
			dstPath = "";
			dstSubfolderSpec = 10;
			files = (
				D6E1BB7B23CEE8F200D8F1F1 /* SPAlertController.framework in Embed Frameworks */,
			);
			name = "Embed Frameworks";
			runOnlyForDeploymentPostprocessing = 0;
		};
/* End PBXCopyFilesBuildPhase section */

/* Begin PBXFileReference section */
		D61C822223BAE3C800D0FC6B /* DLog.swift */ = {isa = PBXFileReference; fileEncoding = 4; lastKnownFileType = sourcecode.swift; path = DLog.swift; sourceTree = "<group>"; };
		D620F7DD23CD548B00807E96 /* ViewController+Special.swift */ = {isa = PBXFileReference; lastKnownFileType = sourcecode.swift; path = "ViewController+Special.swift"; sourceTree = "<group>"; };
		D620F7DF23CD5EA900807E96 /* ViewController+background.swift */ = {isa = PBXFileReference; lastKnownFileType = sourcecode.swift; path = "ViewController+background.swift"; sourceTree = "<group>"; };
		D62575F0239DD791001262A1 /* SPAlertController+Public.swift */ = {isa = PBXFileReference; lastKnownFileType = sourcecode.swift; path = "SPAlertController+Public.swift"; sourceTree = "<group>"; };
		D6315173238E4FD30043D403 /* Swift_SPAlertController.app */ = {isa = PBXFileReference; explicitFileType = wrapper.application; includeInIndex = 0; path = Swift_SPAlertController.app; sourceTree = BUILT_PRODUCTS_DIR; };
		D6315176238E4FD30043D403 /* AppDelegate.swift */ = {isa = PBXFileReference; lastKnownFileType = sourcecode.swift; path = AppDelegate.swift; sourceTree = "<group>"; };
		D631517A238E4FD30043D403 /* ViewController.swift */ = {isa = PBXFileReference; lastKnownFileType = sourcecode.swift; path = ViewController.swift; sourceTree = "<group>"; };
		D631517D238E4FD30043D403 /* Base */ = {isa = PBXFileReference; lastKnownFileType = file.storyboard; name = Base; path = Base.lproj/Main.storyboard; sourceTree = "<group>"; };
		D631517F238E4FD40043D403 /* Assets.xcassets */ = {isa = PBXFileReference; lastKnownFileType = folder.assetcatalog; path = Assets.xcassets; sourceTree = "<group>"; };
		D6315182238E4FD40043D403 /* Base */ = {isa = PBXFileReference; lastKnownFileType = file.storyboard; name = Base; path = Base.lproj/LaunchScreen.storyboard; sourceTree = "<group>"; };
		D6315184238E4FD40043D403 /* Info.plist */ = {isa = PBXFileReference; lastKnownFileType = text.plist.xml; path = Info.plist; sourceTree = "<group>"; };
		D631518B238E50400043D403 /* SPInterfaceActionItemSeparatorView.swift */ = {isa = PBXFileReference; lastKnownFileType = sourcecode.swift; path = SPInterfaceActionItemSeparatorView.swift; sourceTree = "<group>"; };
		D631518D238E509D0043D403 /* SPConstant.swift */ = {isa = PBXFileReference; lastKnownFileType = sourcecode.swift; path = SPConstant.swift; sourceTree = "<group>"; };
		D631F91E239BA0BD000BA923 /* SPAlertController+transitionDelegate.swift */ = {isa = PBXFileReference; lastKnownFileType = sourcecode.swift; path = "SPAlertController+transitionDelegate.swift"; sourceTree = "<group>"; };
		D6486FD2239A1C8B00F3AFB7 /* SPAlertAction.swift */ = {isa = PBXFileReference; lastKnownFileType = sourcecode.swift; path = SPAlertAction.swift; sourceTree = "<group>"; };
		D65B853223CC3A0B00840186 /* MyView.swift */ = {isa = PBXFileReference; lastKnownFileType = sourcecode.swift; path = MyView.swift; sourceTree = "<group>"; };
		D65B853423CC3A1600840186 /* MyView.xib */ = {isa = PBXFileReference; lastKnownFileType = file.xib; path = MyView.xib; sourceTree = "<group>"; };
		D65B853623CC3A8F00840186 /* Swift_SPAlertController-Bridging-Header.h */ = {isa = PBXFileReference; lastKnownFileType = sourcecode.c.h; path = "Swift_SPAlertController-Bridging-Header.h"; sourceTree = "<group>"; };
		D65B853723CC3A9200840186 /* PassWordView.h */ = {isa = PBXFileReference; fileEncoding = 4; lastKnownFileType = sourcecode.c.h; path = PassWordView.h; sourceTree = "<group>"; };
		D65B853823CC3A9200840186 /* PassWordView.m */ = {isa = PBXFileReference; fileEncoding = 4; lastKnownFileType = sourcecode.c.objc; path = PassWordView.m; sourceTree = "<group>"; };
		D65B853A23CC43BC00840186 /* ShoppingCartView.swift */ = {isa = PBXFileReference; lastKnownFileType = sourcecode.swift; path = ShoppingCartView.swift; sourceTree = "<group>"; };
		D65B853C23CC459900840186 /* ShoppingCartCell.swift */ = {isa = PBXFileReference; lastKnownFileType = sourcecode.swift; path = ShoppingCartCell.swift; sourceTree = "<group>"; };
		D65B853D23CC459900840186 /* ShoppingCartCell.xib */ = {isa = PBXFileReference; lastKnownFileType = file.xib; path = ShoppingCartCell.xib; sourceTree = "<group>"; };
		D65B854023CC550000840186 /* CommodityListView.swift */ = {isa = PBXFileReference; lastKnownFileType = sourcecode.swift; path = CommodityListView.swift; sourceTree = "<group>"; };
		D65B854223CC5AF700840186 /* PickerView.swift */ = {isa = PBXFileReference; lastKnownFileType = sourcecode.swift; path = PickerView.swift; sourceTree = "<group>"; };
		D65B854423CC5B0400840186 /* PickerView.xib */ = {isa = PBXFileReference; lastKnownFileType = file.xib; path = PickerView.xib; sourceTree = "<group>"; };
		D65B854623CC637D00840186 /* HCSStarRatingView.m */ = {isa = PBXFileReference; fileEncoding = 4; lastKnownFileType = sourcecode.c.objc; path = HCSStarRatingView.m; sourceTree = "<group>"; };
		D65B854723CC637D00840186 /* HCSStarRatingView.h */ = {isa = PBXFileReference; fileEncoding = 4; lastKnownFileType = sourcecode.c.h; path = HCSStarRatingView.h; sourceTree = "<group>"; };
		D65B854923CC63A200840186 /* ScoreView.swift */ = {isa = PBXFileReference; lastKnownFileType = sourcecode.swift; path = ScoreView.swift; sourceTree = "<group>"; };
		D65B854B23CC6CE000840186 /* MyCenterView.swift */ = {isa = PBXFileReference; lastKnownFileType = sourcecode.swift; path = MyCenterView.swift; sourceTree = "<group>"; };
		D6609B8023D040A0005D3BF2 /* SPInteractiveTransition.swift */ = {isa = PBXFileReference; lastKnownFileType = sourcecode.swift; path = SPInteractiveTransition.swift; sourceTree = "<group>"; };
		D67AE237239A254C00BC0A38 /* SPAlertControllerDelegate.swift */ = {isa = PBXFileReference; lastKnownFileType = sourcecode.swift; path = SPAlertControllerDelegate.swift; sourceTree = "<group>"; };
		D67AE23B239A25E400BC0A38 /* SPAlertController.swift */ = {isa = PBXFileReference; lastKnownFileType = sourcecode.swift; path = SPAlertController.swift; sourceTree = "<group>"; };
		D67AE23D239A269200BC0A38 /* SPAlertPresentationController.swift */ = {isa = PBXFileReference; lastKnownFileType = sourcecode.swift; path = SPAlertPresentationController.swift; sourceTree = "<group>"; };
		D67AE23F239A26E000BC0A38 /* SPOverlayView.swift */ = {isa = PBXFileReference; lastKnownFileType = sourcecode.swift; path = SPOverlayView.swift; sourceTree = "<group>"; };
		D67AE241239A335B00BC0A38 /* SPAlertAnimation.swift */ = {isa = PBXFileReference; lastKnownFileType = sourcecode.swift; path = SPAlertAnimation.swift; sourceTree = "<group>"; };
		D67AE243239A6AB200BC0A38 /* SPInterfaceHeaderScrollView.swift */ = {isa = PBXFileReference; lastKnownFileType = sourcecode.swift; path = SPInterfaceHeaderScrollView.swift; sourceTree = "<group>"; };
		D67AE245239A6C5200BC0A38 /* SPInterfaceActionSequenceView.swift */ = {isa = PBXFileReference; lastKnownFileType = sourcecode.swift; path = SPInterfaceActionSequenceView.swift; sourceTree = "<group>"; };
		D67AE247239A729200BC0A38 /* SPAlertControllerActionView.swift */ = {isa = PBXFileReference; lastKnownFileType = sourcecode.swift; path = SPAlertControllerActionView.swift; sourceTree = "<group>"; };
		D6B59CD223D15936003CA9A6 /* CGImage+Accelerate.swift */ = {isa = PBXFileReference; fileEncoding = 4; lastKnownFileType = sourcecode.swift; path = "CGImage+Accelerate.swift"; sourceTree = "<group>"; };
		D6B59CD323D15936003CA9A6 /* CGContext+CGImage.swift */ = {isa = PBXFileReference; fileEncoding = 4; lastKnownFileType = sourcecode.swift; path = "CGContext+CGImage.swift"; sourceTree = "<group>"; };
		D6B59CD423D15936003CA9A6 /* CaptureQuality.swift */ = {isa = PBXFileReference; fileEncoding = 4; lastKnownFileType = sourcecode.swift; path = CaptureQuality.swift; sourceTree = "<group>"; };
		D6B59CD523D15936003CA9A6 /* DynamicBlurView.h */ = {isa = PBXFileReference; fileEncoding = 4; lastKnownFileType = sourcecode.c.h; path = DynamicBlurView.h; sourceTree = "<group>"; };
		D6B59CD623D15936003CA9A6 /* TrackingMode.swift */ = {isa = PBXFileReference; fileEncoding = 4; lastKnownFileType = sourcecode.swift; path = TrackingMode.swift; sourceTree = "<group>"; };
		D6B59CD723D15936003CA9A6 /* UIImage+Blur.swift */ = {isa = PBXFileReference; fileEncoding = 4; lastKnownFileType = sourcecode.swift; path = "UIImage+Blur.swift"; sourceTree = "<group>"; };
		D6B59CD823D15936003CA9A6 /* BlurLayer.swift */ = {isa = PBXFileReference; fileEncoding = 4; lastKnownFileType = sourcecode.swift; path = BlurLayer.swift; sourceTree = "<group>"; };
		D6B59CD923D15936003CA9A6 /* DynamicBlurView.swift */ = {isa = PBXFileReference; fileEncoding = 4; lastKnownFileType = sourcecode.swift; path = DynamicBlurView.swift; sourceTree = "<group>"; };
		D6B59CE123D15FEA003CA9A6 /* CustomOverlayView.swift */ = {isa = PBXFileReference; lastKnownFileType = sourcecode.swift; path = CustomOverlayView.swift; sourceTree = "<group>"; };
		D6B797E023C8B598007A7608 /* ViewController+Attributed.swift */ = {isa = PBXFileReference; lastKnownFileType = sourcecode.swift; path = "ViewController+Attributed.swift"; sourceTree = "<group>"; };
		D6B797E223C9581E007A7608 /* ViewController+Custom.swift */ = {isa = PBXFileReference; lastKnownFileType = sourcecode.swift; path = "ViewController+Custom.swift"; sourceTree = "<group>"; };
		D6B797EE23C95940007A7608 /* SendAlertView.swift */ = {isa = PBXFileReference; lastKnownFileType = sourcecode.swift; path = SendAlertView.swift; sourceTree = "<group>"; };
		D6B797F023C9594C007A7608 /* SendAlertView.xib */ = {isa = PBXFileReference; lastKnownFileType = file.xib; path = SendAlertView.xib; sourceTree = "<group>"; };
		D6B797F223C96E1B007A7608 /* Nibloadable.swift */ = {isa = PBXFileReference; fileEncoding = 4; lastKnownFileType = sourcecode.swift; path = Nibloadable.swift; sourceTree = "<group>"; };
		D6D1EF6B23C851D1002B16B3 /* image8.jpg */ = {isa = PBXFileReference; lastKnownFileType = image.jpeg; path = image8.jpg; sourceTree = "<group>"; };
		D6D1EF6C23C851D1002B16B3 /* image9.jpg */ = {isa = PBXFileReference; lastKnownFileType = image.jpeg; path = image9.jpg; sourceTree = "<group>"; };
		D6D1EF6D23C851D1002B16B3 /* send0.jpeg */ = {isa = PBXFileReference; lastKnownFileType = image.jpeg; path = send0.jpeg; sourceTree = "<group>"; };
		D6D1EF6E23C851D1002B16B3 /* send1.jpeg */ = {isa = PBXFileReference; lastKnownFileType = image.jpeg; path = send1.jpeg; sourceTree = "<group>"; };
		D6D1EF6F23C851D1002B16B3 /* image7.jpg */ = {isa = PBXFileReference; lastKnownFileType = image.jpeg; path = image7.jpg; sourceTree = "<group>"; };
		D6D1EF7023C851D1002B16B3 /* image6.jpg */ = {isa = PBXFileReference; lastKnownFileType = image.jpeg; path = image6.jpg; sourceTree = "<group>"; };
		D6D1EF7123C851D1002B16B3 /* image4.jpg */ = {isa = PBXFileReference; lastKnownFileType = image.jpeg; path = image4.jpg; sourceTree = "<group>"; };
		D6D1EF7223C851D1002B16B3 /* image5.jpg */ = {isa = PBXFileReference; lastKnownFileType = image.jpeg; path = image5.jpg; sourceTree = "<group>"; };
		D6D1EF7323C851D1002B16B3 /* image1.jpg */ = {isa = PBXFileReference; lastKnownFileType = image.jpeg; path = image1.jpg; sourceTree = "<group>"; };
		D6D1EF7423C851D1002B16B3 /* 背景2.jpg */ = {isa = PBXFileReference; lastKnownFileType = image.jpeg; path = "背景2.jpg"; sourceTree = "<group>"; };
		D6D1EF7523C851D1002B16B3 /* image0.jpg */ = {isa = PBXFileReference; lastKnownFileType = image.jpeg; path = image0.jpg; sourceTree = "<group>"; };
		D6D1EF7623C851D1002B16B3 /* image2.jpg */ = {isa = PBXFileReference; lastKnownFileType = image.jpeg; path = image2.jpg; sourceTree = "<group>"; };
		D6D1EF7723C851D1002B16B3 /* 背景1.jpg */ = {isa = PBXFileReference; lastKnownFileType = image.jpeg; path = "背景1.jpg"; sourceTree = "<group>"; };
		D6D1EF7823C851D1002B16B3 /* image3.jpg */ = {isa = PBXFileReference; lastKnownFileType = image.jpeg; path = image3.jpg; sourceTree = "<group>"; };
		D6D1EF8723C882D4002B16B3 /* ViewController+Sheet.swift */ = {isa = PBXFileReference; lastKnownFileType = sourcecode.swift; path = "ViewController+Sheet.swift"; sourceTree = "<group>"; };
		D6D1EF8923C8841C002B16B3 /* ViewController+Alert.swift */ = {isa = PBXFileReference; lastKnownFileType = sourcecode.swift; path = "ViewController+Alert.swift"; sourceTree = "<group>"; };
		D6E1BB7323CEE8F200D8F1F1 /* SPAlertController.framework */ = {isa = PBXFileReference; explicitFileType = wrapper.framework; includeInIndex = 0; path = SPAlertController.framework; sourceTree = BUILT_PRODUCTS_DIR; };
		D6E1BB7523CEE8F200D8F1F1 /* SPAlertController.h */ = {isa = PBXFileReference; lastKnownFileType = sourcecode.c.h; path = SPAlertController.h; sourceTree = "<group>"; };
		D6E1BB7623CEE8F200D8F1F1 /* Info.plist */ = {isa = PBXFileReference; lastKnownFileType = text.plist.xml; path = Info.plist; sourceTree = "<group>"; };
/* End PBXFileReference section */

/* Begin PBXFrameworksBuildPhase section */
		D6315170238E4FD30043D403 /* Frameworks */ = {
			isa = PBXFrameworksBuildPhase;
			buildActionMask = 2147483647;
			files = (
				D6E1BB7A23CEE8F200D8F1F1 /* SPAlertController.framework in Frameworks */,
			);
			runOnlyForDeploymentPostprocessing = 0;
		};
		D6E1BB7023CEE8F200D8F1F1 /* Frameworks */ = {
			isa = PBXFrameworksBuildPhase;
			buildActionMask = 2147483647;
			files = (
			);
			runOnlyForDeploymentPostprocessing = 0;
		};
/* End PBXFrameworksBuildPhase section */

/* Begin PBXGroup section */
		D631516A238E4FD30043D403 = {
			isa = PBXGroup;
			children = (
				D6315175238E4FD30043D403 /* Swift_SPAlertController */,
				D6E1BB7423CEE8F200D8F1F1 /* SPAlertController */,
				D6315174238E4FD30043D403 /* Products */,
			);
			sourceTree = "<group>";
		};
		D6315174238E4FD30043D403 /* Products */ = {
			isa = PBXGroup;
			children = (
				D6315173238E4FD30043D403 /* Swift_SPAlertController.app */,
				D6E1BB7323CEE8F200D8F1F1 /* SPAlertController.framework */,
			);
			name = Products;
			sourceTree = "<group>";
		};
		D6315175238E4FD30043D403 /* Swift_SPAlertController */ = {
			isa = PBXGroup;
			children = (
				D631518A238E50360043D403 /* SPAlertController */,
				D6315176238E4FD30043D403 /* AppDelegate.swift */,
				D631517A238E4FD30043D403 /* ViewController.swift */,
				D6D1EF8723C882D4002B16B3 /* ViewController+Sheet.swift */,
				D6D1EF8923C8841C002B16B3 /* ViewController+Alert.swift */,
				D6B797E023C8B598007A7608 /* ViewController+Attributed.swift */,
				D6B797E223C9581E007A7608 /* ViewController+Custom.swift */,
				D620F7DD23CD548B00807E96 /* ViewController+Special.swift */,
				D620F7DF23CD5EA900807E96 /* ViewController+background.swift */,
				D61C822223BAE3C800D0FC6B /* DLog.swift */,
				D6B59CE123D15FEA003CA9A6 /* CustomOverlayView.swift */,
				D6B797F223C96E1B007A7608 /* Nibloadable.swift */,
				D6B797E423C95891007A7608 /* CustomViews */,
				D631517C238E4FD30043D403 /* Main.storyboard */,
				D631517F238E4FD40043D403 /* Assets.xcassets */,
				D6315181238E4FD40043D403 /* LaunchScreen.storyboard */,
				D6B59CD123D15936003CA9A6 /* DynamicBlurView */,
				D6D1EF6A23C851D1002B16B3 /* Images */,
				D6315184238E4FD40043D403 /* Info.plist */,
			);
			path = Swift_SPAlertController;
			sourceTree = "<group>";
		};
		D631518A238E50360043D403 /* SPAlertController */ = {
			isa = PBXGroup;
			children = (
				D631518B238E50400043D403 /* SPInterfaceActionItemSeparatorView.swift */,
				D6486FD2239A1C8B00F3AFB7 /* SPAlertAction.swift */,
				D67AE237239A254C00BC0A38 /* SPAlertControllerDelegate.swift */,
				D67AE23B239A25E400BC0A38 /* SPAlertController.swift */,
				D62575F0239DD791001262A1 /* SPAlertController+Public.swift */,
				D631F91E239BA0BD000BA923 /* SPAlertController+transitionDelegate.swift */,
				D67AE243239A6AB200BC0A38 /* SPInterfaceHeaderScrollView.swift */,
				D67AE245239A6C5200BC0A38 /* SPInterfaceActionSequenceView.swift */,
				D67AE247239A729200BC0A38 /* SPAlertControllerActionView.swift */,
				D67AE23D239A269200BC0A38 /* SPAlertPresentationController.swift */,
				D67AE23F239A26E000BC0A38 /* SPOverlayView.swift */,
				D67AE241239A335B00BC0A38 /* SPAlertAnimation.swift */,
				D6609B8023D040A0005D3BF2 /* SPInteractiveTransition.swift */,
				D631518D238E509D0043D403 /* SPConstant.swift */,
			);
			path = SPAlertController;
			sourceTree = SOURCE_ROOT;
		};
		D6B59CD123D15936003CA9A6 /* DynamicBlurView */ = {
			isa = PBXGroup;
			children = (
				D6B59CD223D15936003CA9A6 /* CGImage+Accelerate.swift */,
				D6B59CD323D15936003CA9A6 /* CGContext+CGImage.swift */,
				D6B59CD423D15936003CA9A6 /* CaptureQuality.swift */,
				D6B59CD523D15936003CA9A6 /* DynamicBlurView.h */,
				D6B59CD623D15936003CA9A6 /* TrackingMode.swift */,
				D6B59CD723D15936003CA9A6 /* UIImage+Blur.swift */,
				D6B59CD823D15936003CA9A6 /* BlurLayer.swift */,
				D6B59CD923D15936003CA9A6 /* DynamicBlurView.swift */,
			);
			path = DynamicBlurView;
			sourceTree = "<group>";
		};
		D6B797E423C95891007A7608 /* CustomViews */ = {
			isa = PBXGroup;
			children = (
				D6B797E923C95936007A7608 /* CustomView1 */,
				D6B797EC23C95936007A7608 /* CustomView2 */,
				D6B797ED23C95936007A7608 /* CustomView3 */,
				D6B797E823C95936007A7608 /* CustomView4 */,
				D6B797EA23C95936007A7608 /* CustomView5 */,
				D6B797EB23C95936007A7608 /* CustomView6 */,
				D6B797E723C95936007A7608 /* CustomView7 */,
			);
			path = CustomViews;
			sourceTree = "<group>";
		};
		D6B797E723C95936007A7608 /* CustomView7 */ = {
			isa = PBXGroup;
			children = (
				D65B854B23CC6CE000840186 /* MyCenterView.swift */,
			);
			path = CustomView7;
			sourceTree = "<group>";
		};
		D6B797E823C95936007A7608 /* CustomView4 */ = {
			isa = PBXGroup;
			children = (
				D65B854023CC550000840186 /* CommodityListView.swift */,
			);
			path = CustomView4;
			sourceTree = "<group>";
		};
		D6B797E923C95936007A7608 /* CustomView1 */ = {
			isa = PBXGroup;
			children = (
				D6B797EE23C95940007A7608 /* SendAlertView.swift */,
				D6B797F023C9594C007A7608 /* SendAlertView.xib */,
			);
			path = CustomView1;
			sourceTree = "<group>";
		};
		D6B797EA23C95936007A7608 /* CustomView5 */ = {
			isa = PBXGroup;
			children = (
				D65B854223CC5AF700840186 /* PickerView.swift */,
				D65B854423CC5B0400840186 /* PickerView.xib */,
			);
			path = CustomView5;
			sourceTree = "<group>";
		};
		D6B797EB23C95936007A7608 /* CustomView6 */ = {
			isa = PBXGroup;
			children = (
				D65B854923CC63A200840186 /* ScoreView.swift */,
				D65B854723CC637D00840186 /* HCSStarRatingView.h */,
				D65B854623CC637D00840186 /* HCSStarRatingView.m */,
			);
			path = CustomView6;
			sourceTree = "<group>";
		};
		D6B797EC23C95936007A7608 /* CustomView2 */ = {
			isa = PBXGroup;
			children = (
				D65B853623CC3A8F00840186 /* Swift_SPAlertController-Bridging-Header.h */,
				D65B853223CC3A0B00840186 /* MyView.swift */,
				D65B853423CC3A1600840186 /* MyView.xib */,
				D65B853723CC3A9200840186 /* PassWordView.h */,
				D65B853823CC3A9200840186 /* PassWordView.m */,
			);
			path = CustomView2;
			sourceTree = "<group>";
		};
		D6B797ED23C95936007A7608 /* CustomView3 */ = {
			isa = PBXGroup;
			children = (
				D65B853A23CC43BC00840186 /* ShoppingCartView.swift */,
				D65B853C23CC459900840186 /* ShoppingCartCell.swift */,
				D65B853D23CC459900840186 /* ShoppingCartCell.xib */,
			);
			path = CustomView3;
			sourceTree = "<group>";
		};
		D6D1EF6A23C851D1002B16B3 /* Images */ = {
			isa = PBXGroup;
			children = (
				D6D1EF6B23C851D1002B16B3 /* image8.jpg */,
				D6D1EF6C23C851D1002B16B3 /* image9.jpg */,
				D6D1EF6D23C851D1002B16B3 /* send0.jpeg */,
				D6D1EF6E23C851D1002B16B3 /* send1.jpeg */,
				D6D1EF6F23C851D1002B16B3 /* image7.jpg */,
				D6D1EF7023C851D1002B16B3 /* image6.jpg */,
				D6D1EF7123C851D1002B16B3 /* image4.jpg */,
				D6D1EF7223C851D1002B16B3 /* image5.jpg */,
				D6D1EF7323C851D1002B16B3 /* image1.jpg */,
				D6D1EF7423C851D1002B16B3 /* 背景2.jpg */,
				D6D1EF7523C851D1002B16B3 /* image0.jpg */,
				D6D1EF7623C851D1002B16B3 /* image2.jpg */,
				D6D1EF7723C851D1002B16B3 /* 背景1.jpg */,
				D6D1EF7823C851D1002B16B3 /* image3.jpg */,
			);
			path = Images;
			sourceTree = "<group>";
		};
		D6E1BB7423CEE8F200D8F1F1 /* SPAlertController */ = {
			isa = PBXGroup;
			children = (
				D6E1BB7523CEE8F200D8F1F1 /* SPAlertController.h */,
				D6E1BB7623CEE8F200D8F1F1 /* Info.plist */,
			);
			path = SPAlertController;
			sourceTree = "<group>";
		};
/* End PBXGroup section */

/* Begin PBXHeadersBuildPhase section */
		D6E1BB6E23CEE8F200D8F1F1 /* Headers */ = {
			isa = PBXHeadersBuildPhase;
			buildActionMask = 2147483647;
			files = (
				D6E1BB7723CEE8F200D8F1F1 /* SPAlertController.h in Headers */,
			);
			runOnlyForDeploymentPostprocessing = 0;
		};
/* End PBXHeadersBuildPhase section */

/* Begin PBXNativeTarget section */
		D6315172238E4FD30043D403 /* Swift_SPAlertController */ = {
			isa = PBXNativeTarget;
			buildConfigurationList = D6315187238E4FD40043D403 /* Build configuration list for PBXNativeTarget "Swift_SPAlertController" */;
			buildPhases = (
				D631516F238E4FD30043D403 /* Sources */,
				D6315170238E4FD30043D403 /* Frameworks */,
				D6315171238E4FD30043D403 /* Resources */,
				D6E1BB7C23CEE8F200D8F1F1 /* Embed Frameworks */,
			);
			buildRules = (
			);
			dependencies = (
				D6E1BB7923CEE8F200D8F1F1 /* PBXTargetDependency */,
			);
			name = Swift_SPAlertController;
			productName = Swift_SPAlertController;
			productReference = D6315173238E4FD30043D403 /* Swift_SPAlertController.app */;
			productType = "com.apple.product-type.application";
		};
		D6E1BB7223CEE8F200D8F1F1 /* SPAlertController */ = {
			isa = PBXNativeTarget;
			buildConfigurationList = D6E1BB7F23CEE8F200D8F1F1 /* Build configuration list for PBXNativeTarget "SPAlertController" */;
			buildPhases = (
				D6E1BB6E23CEE8F200D8F1F1 /* Headers */,
				D6E1BB6F23CEE8F200D8F1F1 /* Sources */,
				D6E1BB7023CEE8F200D8F1F1 /* Frameworks */,
				D6E1BB7123CEE8F200D8F1F1 /* Resources */,
			);
			buildRules = (
			);
			dependencies = (
			);
			name = SPAlertController;
			productName = SPAlertController;
			productReference = D6E1BB7323CEE8F200D8F1F1 /* SPAlertController.framework */;
			productType = "com.apple.product-type.framework";
		};
/* End PBXNativeTarget section */

/* Begin PBXProject section */
		D631516B238E4FD30043D403 /* Project object */ = {
			isa = PBXProject;
			attributes = {
				LastSwiftUpdateCheck = 1120;
				LastUpgradeCheck = 1120;
				ORGANIZATIONNAME = HeFahu;
				TargetAttributes = {
					D6315172238E4FD30043D403 = {
						CreatedOnToolsVersion = 11.2.1;
						LastSwiftMigration = 1120;
					};
					D6E1BB7223CEE8F200D8F1F1 = {
						CreatedOnToolsVersion = 11.2.1;
					};
				};
			};
			buildConfigurationList = D631516E238E4FD30043D403 /* Build configuration list for PBXProject "Swift_SPAlertController" */;
			compatibilityVersion = "Xcode 9.3";
			developmentRegion = en;
			hasScannedForEncodings = 0;
			knownRegions = (
				en,
				Base,
			);
			mainGroup = D631516A238E4FD30043D403;
			productRefGroup = D6315174238E4FD30043D403 /* Products */;
			projectDirPath = "";
			projectRoot = "";
			targets = (
				D6315172238E4FD30043D403 /* Swift_SPAlertController */,
				D6E1BB7223CEE8F200D8F1F1 /* SPAlertController */,
			);
		};
/* End PBXProject section */

/* Begin PBXResourcesBuildPhase section */
		D6315171238E4FD30043D403 /* Resources */ = {
			isa = PBXResourcesBuildPhase;
			buildActionMask = 2147483647;
			files = (
				D6D1EF7923C851D1002B16B3 /* image8.jpg in Resources */,
				D6D1EF8423C851D2002B16B3 /* image2.jpg in Resources */,
				D6D1EF8523C851D2002B16B3 /* 背景1.jpg in Resources */,
				D6D1EF7A23C851D2002B16B3 /* image9.jpg in Resources */,
				D6D1EF7C23C851D2002B16B3 /* send1.jpeg in Resources */,
				D6D1EF7D23C851D2002B16B3 /* image7.jpg in Resources */,
				D6315183238E4FD40043D403 /* LaunchScreen.storyboard in Resources */,
				D65B853F23CC459900840186 /* ShoppingCartCell.xib in Resources */,
				D6D1EF8223C851D2002B16B3 /* 背景2.jpg in Resources */,
				D6D1EF8623C851D2002B16B3 /* image3.jpg in Resources */,
				D65B853523CC3A1600840186 /* MyView.xib in Resources */,
				D6D1EF8123C851D2002B16B3 /* image1.jpg in Resources */,
				D6315180238E4FD40043D403 /* Assets.xcassets in Resources */,
				D6D1EF8323C851D2002B16B3 /* image0.jpg in Resources */,
				D6D1EF7F23C851D2002B16B3 /* image4.jpg in Resources */,
				D6D1EF8023C851D2002B16B3 /* image5.jpg in Resources */,
				D6D1EF7E23C851D2002B16B3 /* image6.jpg in Resources */,
				D65B854523CC5B0400840186 /* PickerView.xib in Resources */,
				D6B797F123C9594C007A7608 /* SendAlertView.xib in Resources */,
				D6D1EF7B23C851D2002B16B3 /* send0.jpeg in Resources */,
				D631517E238E4FD30043D403 /* Main.storyboard in Resources */,
			);
			runOnlyForDeploymentPostprocessing = 0;
		};
		D6E1BB7123CEE8F200D8F1F1 /* Resources */ = {
			isa = PBXResourcesBuildPhase;
			buildActionMask = 2147483647;
			files = (
			);
			runOnlyForDeploymentPostprocessing = 0;
		};
/* End PBXResourcesBuildPhase section */

/* Begin PBXSourcesBuildPhase section */
		D631516F238E4FD30043D403 /* Sources */ = {
			isa = PBXSourcesBuildPhase;
			buildActionMask = 2147483647;
			files = (
				D65B853323CC3A0B00840186 /* MyView.swift in Sources */,
				D6D1EF8823C882D5002B16B3 /* ViewController+Sheet.swift in Sources */,
				D6B59CE223D15FEA003CA9A6 /* CustomOverlayView.swift in Sources */,
				D620F7DE23CD548B00807E96 /* ViewController+Special.swift in Sources */,
				D65B854C23CC6CE000840186 /* MyCenterView.swift in Sources */,
				D67AE246239A6C5200BC0A38 /* SPInterfaceActionSequenceView.swift in Sources */,
				D620F7E023CD5EA900807E96 /* ViewController+background.swift in Sources */,
				D631518C238E50400043D403 /* SPInterfaceActionItemSeparatorView.swift in Sources */,
				D67AE23E239A269200BC0A38 /* SPAlertPresentationController.swift in Sources */,
				D67AE248239A729200BC0A38 /* SPAlertControllerActionView.swift in Sources */,
				D6B59CDB23D15936003CA9A6 /* CGContext+CGImage.swift in Sources */,
				D6B59CDE23D15936003CA9A6 /* UIImage+Blur.swift in Sources */,
				D67AE242239A335B00BC0A38 /* SPAlertAnimation.swift in Sources */,
				D6B59CDC23D15936003CA9A6 /* CaptureQuality.swift in Sources */,
				D65B854823CC637D00840186 /* HCSStarRatingView.m in Sources */,
				D6B797EF23C95940007A7608 /* SendAlertView.swift in Sources */,
				D631F91F239BA0BD000BA923 /* SPAlertController+transitionDelegate.swift in Sources */,
				D67AE244239A6AB200BC0A38 /* SPInterfaceHeaderScrollView.swift in Sources */,
				D67AE23C239A25E400BC0A38 /* SPAlertController.swift in Sources */,
				D6B59CDD23D15936003CA9A6 /* TrackingMode.swift in Sources */,
				D6D1EF8A23C8841C002B16B3 /* ViewController+Alert.swift in Sources */,
				D6609B8123D040A0005D3BF2 /* SPInteractiveTransition.swift in Sources */,
				D65B854323CC5AF700840186 /* PickerView.swift in Sources */,
				D631517B238E4FD30043D403 /* ViewController.swift in Sources */,
				D6B797E323C9581F007A7608 /* ViewController+Custom.swift in Sources */,
				D67AE238239A254C00BC0A38 /* SPAlertControllerDelegate.swift in Sources */,
				D65B853923CC3A9200840186 /* PassWordView.m in Sources */,
				D6B797E123C8B598007A7608 /* ViewController+Attributed.swift in Sources */,
				D67AE240239A26E000BC0A38 /* SPOverlayView.swift in Sources */,
				D61C822323BAE3C800D0FC6B /* DLog.swift in Sources */,
				D6B797F323C96E1B007A7608 /* Nibloadable.swift in Sources */,
				D6B59CE023D15936003CA9A6 /* DynamicBlurView.swift in Sources */,
				D65B854123CC550000840186 /* CommodityListView.swift in Sources */,
				D62575F1239DD791001262A1 /* SPAlertController+Public.swift in Sources */,
				D65B853E23CC459900840186 /* ShoppingCartCell.swift in Sources */,
				D631518E238E509D0043D403 /* SPConstant.swift in Sources */,
				D6B59CDA23D15936003CA9A6 /* CGImage+Accelerate.swift in Sources */,
				D6486FD3239A1C8B00F3AFB7 /* SPAlertAction.swift in Sources */,
				D6B59CDF23D15936003CA9A6 /* BlurLayer.swift in Sources */,
				D6315177238E4FD30043D403 /* AppDelegate.swift in Sources */,
				D65B853B23CC43BC00840186 /* ShoppingCartView.swift in Sources */,
				D65B854A23CC63A200840186 /* ScoreView.swift in Sources */,
			);
			runOnlyForDeploymentPostprocessing = 0;
		};
		D6E1BB6F23CEE8F200D8F1F1 /* Sources */ = {
			isa = PBXSourcesBuildPhase;
			buildActionMask = 2147483647;
			files = (
				D6609B8423D048E6005D3BF2 /* SPInteractiveTransition.swift in Sources */,
				D6E1BBB923CEF58C00D8F1F1 /* SPInterfaceActionItemSeparatorView.swift in Sources */,
				D6E1BBBA23CEF58C00D8F1F1 /* SPAlertAction.swift in Sources */,
				D6E1BBBB23CEF58C00D8F1F1 /* SPAlertControllerDelegate.swift in Sources */,
				D6E1BBBC23CEF58C00D8F1F1 /* SPAlertController.swift in Sources */,
				D6E1BBBD23CEF58C00D8F1F1 /* SPAlertController+Public.swift in Sources */,
				D6E1BBBE23CEF58C00D8F1F1 /* SPAlertController+transitionDelegate.swift in Sources */,
				D6E1BBBF23CEF58C00D8F1F1 /* SPInterfaceHeaderScrollView.swift in Sources */,
				D6E1BBC023CEF58C00D8F1F1 /* SPInterfaceActionSequenceView.swift in Sources */,
				D6E1BBC123CEF58C00D8F1F1 /* SPAlertControllerActionView.swift in Sources */,
				D6E1BBC223CEF58C00D8F1F1 /* SPAlertPresentationController.swift in Sources */,
				D6E1BBC323CEF58C00D8F1F1 /* SPOverlayView.swift in Sources */,
				D6E1BBC423CEF58C00D8F1F1 /* SPAlertAnimation.swift in Sources */,
				D6E1BBC523CEF58C00D8F1F1 /* SPConstant.swift in Sources */,
			);
			runOnlyForDeploymentPostprocessing = 0;
		};
/* End PBXSourcesBuildPhase section */

/* Begin PBXTargetDependency section */
		D6E1BB7923CEE8F200D8F1F1 /* PBXTargetDependency */ = {
			isa = PBXTargetDependency;
			target = D6E1BB7223CEE8F200D8F1F1 /* SPAlertController */;
			targetProxy = D6E1BB7823CEE8F200D8F1F1 /* PBXContainerItemProxy */;
		};
/* End PBXTargetDependency section */

/* Begin PBXVariantGroup section */
		D631517C238E4FD30043D403 /* Main.storyboard */ = {
			isa = PBXVariantGroup;
			children = (
				D631517D238E4FD30043D403 /* Base */,
			);
			name = Main.storyboard;
			sourceTree = "<group>";
		};
		D6315181238E4FD40043D403 /* LaunchScreen.storyboard */ = {
			isa = PBXVariantGroup;
			children = (
				D6315182238E4FD40043D403 /* Base */,
			);
			name = LaunchScreen.storyboard;
			sourceTree = "<group>";
		};
/* End PBXVariantGroup section */

/* Begin XCBuildConfiguration section */
		D6315185238E4FD40043D403 /* Debug */ = {
			isa = XCBuildConfiguration;
			buildSettings = {
				ALWAYS_SEARCH_USER_PATHS = NO;
				CLANG_ANALYZER_NONNULL = YES;
				CLANG_ANALYZER_NUMBER_OBJECT_CONVERSION = YES_AGGRESSIVE;
				CLANG_CXX_LANGUAGE_STANDARD = "gnu++14";
				CLANG_CXX_LIBRARY = "libc++";
				CLANG_ENABLE_MODULES = YES;
				CLANG_ENABLE_OBJC_ARC = YES;
				CLANG_ENABLE_OBJC_WEAK = YES;
				CLANG_WARN_BLOCK_CAPTURE_AUTORELEASING = YES;
				CLANG_WARN_BOOL_CONVERSION = YES;
				CLANG_WARN_COMMA = YES;
				CLANG_WARN_CONSTANT_CONVERSION = YES;
				CLANG_WARN_DEPRECATED_OBJC_IMPLEMENTATIONS = YES;
				CLANG_WARN_DIRECT_OBJC_ISA_USAGE = YES_ERROR;
				CLANG_WARN_DOCUMENTATION_COMMENTS = YES;
				CLANG_WARN_EMPTY_BODY = YES;
				CLANG_WARN_ENUM_CONVERSION = YES;
				CLANG_WARN_INFINITE_RECURSION = YES;
				CLANG_WARN_INT_CONVERSION = YES;
				CLANG_WARN_NON_LITERAL_NULL_CONVERSION = YES;
				CLANG_WARN_OBJC_IMPLICIT_RETAIN_SELF = YES;
				CLANG_WARN_OBJC_LITERAL_CONVERSION = YES;
				CLANG_WARN_OBJC_ROOT_CLASS = YES_ERROR;
				CLANG_WARN_RANGE_LOOP_ANALYSIS = YES;
				CLANG_WARN_STRICT_PROTOTYPES = YES;
				CLANG_WARN_SUSPICIOUS_MOVE = YES;
				CLANG_WARN_UNGUARDED_AVAILABILITY = YES_AGGRESSIVE;
				CLANG_WARN_UNREACHABLE_CODE = YES;
				CLANG_WARN__DUPLICATE_METHOD_MATCH = YES;
				COPY_PHASE_STRIP = NO;
				DEBUG_INFORMATION_FORMAT = dwarf;
				ENABLE_STRICT_OBJC_MSGSEND = YES;
				ENABLE_TESTABILITY = YES;
				GCC_C_LANGUAGE_STANDARD = gnu11;
				GCC_DYNAMIC_NO_PIC = NO;
				GCC_NO_COMMON_BLOCKS = YES;
				GCC_OPTIMIZATION_LEVEL = 0;
				GCC_PREPROCESSOR_DEFINITIONS = (
					"DEBUG=1",
					"$(inherited)",
				);
				GCC_WARN_64_TO_32_BIT_CONVERSION = YES;
				GCC_WARN_ABOUT_RETURN_TYPE = YES_ERROR;
				GCC_WARN_UNDECLARED_SELECTOR = YES;
				GCC_WARN_UNINITIALIZED_AUTOS = YES_AGGRESSIVE;
				GCC_WARN_UNUSED_FUNCTION = YES;
				GCC_WARN_UNUSED_VARIABLE = YES;
				IPHONEOS_DEPLOYMENT_TARGET = 13.2;
				MTL_ENABLE_DEBUG_INFO = INCLUDE_SOURCE;
				MTL_FAST_MATH = YES;
				ONLY_ACTIVE_ARCH = YES;
				SDKROOT = iphoneos;
				SWIFT_ACTIVE_COMPILATION_CONDITIONS = DEBUG;
				SWIFT_OPTIMIZATION_LEVEL = "-Onone";
			};
			name = Debug;
		};
		D6315186238E4FD40043D403 /* Release */ = {
			isa = XCBuildConfiguration;
			buildSettings = {
				ALWAYS_SEARCH_USER_PATHS = NO;
				CLANG_ANALYZER_NONNULL = YES;
				CLANG_ANALYZER_NUMBER_OBJECT_CONVERSION = YES_AGGRESSIVE;
				CLANG_CXX_LANGUAGE_STANDARD = "gnu++14";
				CLANG_CXX_LIBRARY = "libc++";
				CLANG_ENABLE_MODULES = YES;
				CLANG_ENABLE_OBJC_ARC = YES;
				CLANG_ENABLE_OBJC_WEAK = YES;
				CLANG_WARN_BLOCK_CAPTURE_AUTORELEASING = YES;
				CLANG_WARN_BOOL_CONVERSION = YES;
				CLANG_WARN_COMMA = YES;
				CLANG_WARN_CONSTANT_CONVERSION = YES;
				CLANG_WARN_DEPRECATED_OBJC_IMPLEMENTATIONS = YES;
				CLANG_WARN_DIRECT_OBJC_ISA_USAGE = YES_ERROR;
				CLANG_WARN_DOCUMENTATION_COMMENTS = YES;
				CLANG_WARN_EMPTY_BODY = YES;
				CLANG_WARN_ENUM_CONVERSION = YES;
				CLANG_WARN_INFINITE_RECURSION = YES;
				CLANG_WARN_INT_CONVERSION = YES;
				CLANG_WARN_NON_LITERAL_NULL_CONVERSION = YES;
				CLANG_WARN_OBJC_IMPLICIT_RETAIN_SELF = YES;
				CLANG_WARN_OBJC_LITERAL_CONVERSION = YES;
				CLANG_WARN_OBJC_ROOT_CLASS = YES_ERROR;
				CLANG_WARN_RANGE_LOOP_ANALYSIS = YES;
				CLANG_WARN_STRICT_PROTOTYPES = YES;
				CLANG_WARN_SUSPICIOUS_MOVE = YES;
				CLANG_WARN_UNGUARDED_AVAILABILITY = YES_AGGRESSIVE;
				CLANG_WARN_UNREACHABLE_CODE = YES;
				CLANG_WARN__DUPLICATE_METHOD_MATCH = YES;
				COPY_PHASE_STRIP = NO;
				DEBUG_INFORMATION_FORMAT = "dwarf-with-dsym";
				ENABLE_NS_ASSERTIONS = NO;
				ENABLE_STRICT_OBJC_MSGSEND = YES;
				GCC_C_LANGUAGE_STANDARD = gnu11;
				GCC_NO_COMMON_BLOCKS = YES;
				GCC_WARN_64_TO_32_BIT_CONVERSION = YES;
				GCC_WARN_ABOUT_RETURN_TYPE = YES_ERROR;
				GCC_WARN_UNDECLARED_SELECTOR = YES;
				GCC_WARN_UNINITIALIZED_AUTOS = YES_AGGRESSIVE;
				GCC_WARN_UNUSED_FUNCTION = YES;
				GCC_WARN_UNUSED_VARIABLE = YES;
				IPHONEOS_DEPLOYMENT_TARGET = 13.2;
				MTL_ENABLE_DEBUG_INFO = NO;
				MTL_FAST_MATH = YES;
				SDKROOT = iphoneos;
				SWIFT_COMPILATION_MODE = wholemodule;
				SWIFT_OPTIMIZATION_LEVEL = "-O";
				VALIDATE_PRODUCT = YES;
			};
			name = Release;
		};
		D6315188238E4FD40043D403 /* Debug */ = {
			isa = XCBuildConfiguration;
			buildSettings = {
				ALWAYS_EMBED_SWIFT_STANDARD_LIBRARIES = YES;
				ASSETCATALOG_COMPILER_APPICON_NAME = AppIcon;
				CLANG_ENABLE_MODULES = YES;
				CODE_SIGN_STYLE = Automatic;
				DEVELOPMENT_TEAM = 24848788N3;
				INFOPLIST_FILE = Swift_SPAlertController/Info.plist;
				IPHONEOS_DEPLOYMENT_TARGET = 9.0;
				LD_RUNPATH_SEARCH_PATHS = (
					"$(inherited)",
					"@executable_path/Frameworks",
				);
				PRODUCT_BUNDLE_IDENTIFIER = "ETrans.Swift-SPAlertController";
				PRODUCT_NAME = "$(TARGET_NAME)";
				SWIFT_OBJC_BRIDGING_HEADER = "Swift_SPAlertController/CustomViews/CustomView2/Swift_SPAlertController-Bridging-Header.h";
				SWIFT_OPTIMIZATION_LEVEL = "-Onone";
				SWIFT_VERSION = 5.0;
				TARGETED_DEVICE_FAMILY = "1,2";
			};
			name = Debug;
		};
		D6315189238E4FD40043D403 /* Release */ = {
			isa = XCBuildConfiguration;
			buildSettings = {
				ALWAYS_EMBED_SWIFT_STANDARD_LIBRARIES = YES;
				ASSETCATALOG_COMPILER_APPICON_NAME = AppIcon;
				CLANG_ENABLE_MODULES = YES;
				CODE_SIGN_STYLE = Automatic;
				DEVELOPMENT_TEAM = 24848788N3;
				INFOPLIST_FILE = Swift_SPAlertController/Info.plist;
				IPHONEOS_DEPLOYMENT_TARGET = 9.0;
				LD_RUNPATH_SEARCH_PATHS = (
					"$(inherited)",
					"@executable_path/Frameworks",
				);
				PRODUCT_BUNDLE_IDENTIFIER = "ETrans.Swift-SPAlertController";
				PRODUCT_NAME = "$(TARGET_NAME)";
				SWIFT_OBJC_BRIDGING_HEADER = "Swift_SPAlertController/CustomViews/CustomView2/Swift_SPAlertController-Bridging-Header.h";
				SWIFT_VERSION = 5.0;
				TARGETED_DEVICE_FAMILY = "1,2";
			};
			name = Release;
		};
		D6E1BB7D23CEE8F200D8F1F1 /* Debug */ = {
			isa = XCBuildConfiguration;
			buildSettings = {
				CODE_SIGN_STYLE = Automatic;
				CURRENT_PROJECT_VERSION = 1;
				DEFINES_MODULE = YES;
				DEVELOPMENT_TEAM = 24848788N3;
				DYLIB_COMPATIBILITY_VERSION = 1;
				DYLIB_CURRENT_VERSION = 1;
				DYLIB_INSTALL_NAME_BASE = "@rpath";
				INFOPLIST_FILE = SPAlertController/Info.plist;
				INSTALL_PATH = "$(LOCAL_LIBRARY_DIR)/Frameworks";
				IPHONEOS_DEPLOYMENT_TARGET = 9.0;
				LD_RUNPATH_SEARCH_PATHS = (
					"$(inherited)",
					"@executable_path/Frameworks",
					"@loader_path/Frameworks",
				);
				OTHER_CFLAGS = "-fembed-bitcode";
				OTHER_LDFLAGS = "-all_load";
				PRODUCT_BUNDLE_IDENTIFIER = ETrans.SPAlertController;
				PRODUCT_NAME = "$(TARGET_NAME:c99extidentifier)";
				SKIP_INSTALL = YES;
				SWIFT_VERSION = 5.0;
				TARGETED_DEVICE_FAMILY = "1,2";
				VERSIONING_SYSTEM = "apple-generic";
				VERSION_INFO_PREFIX = "";
			};
			name = Debug;
		};
		D6E1BB7E23CEE8F200D8F1F1 /* Release */ = {
			isa = XCBuildConfiguration;
			buildSettings = {
				CODE_SIGN_STYLE = Automatic;
				CURRENT_PROJECT_VERSION = 1;
				DEFINES_MODULE = YES;
				DEVELOPMENT_TEAM = 24848788N3;
				DYLIB_COMPATIBILITY_VERSION = 1;
				DYLIB_CURRENT_VERSION = 1;
				DYLIB_INSTALL_NAME_BASE = "@rpath";
				INFOPLIST_FILE = SPAlertController/Info.plist;
				INSTALL_PATH = "$(LOCAL_LIBRARY_DIR)/Frameworks";
				IPHONEOS_DEPLOYMENT_TARGET = 9.0;
				LD_RUNPATH_SEARCH_PATHS = (
					"$(inherited)",
					"@executable_path/Frameworks",
					"@loader_path/Frameworks",
				);
				OTHER_CFLAGS = "-fembed-bitcode";
				OTHER_LDFLAGS = "-all_load";
				PRODUCT_BUNDLE_IDENTIFIER = ETrans.SPAlertController;
				PRODUCT_NAME = "$(TARGET_NAME:c99extidentifier)";
				SKIP_INSTALL = YES;
				SWIFT_VERSION = 5.0;
				TARGETED_DEVICE_FAMILY = "1,2";
				VERSIONING_SYSTEM = "apple-generic";
				VERSION_INFO_PREFIX = "";
			};
			name = Release;
		};
/* End XCBuildConfiguration section */

/* Begin XCConfigurationList section */
		D631516E238E4FD30043D403 /* Build configuration list for PBXProject "Swift_SPAlertController" */ = {
			isa = XCConfigurationList;
			buildConfigurations = (
				D6315185238E4FD40043D403 /* Debug */,
				D6315186238E4FD40043D403 /* Release */,
			);
			defaultConfigurationIsVisible = 0;
			defaultConfigurationName = Release;
		};
		D6315187238E4FD40043D403 /* Build configuration list for PBXNativeTarget "Swift_SPAlertController" */ = {
			isa = XCConfigurationList;
			buildConfigurations = (
				D6315188238E4FD40043D403 /* Debug */,
				D6315189238E4FD40043D403 /* Release */,
			);
			defaultConfigurationIsVisible = 0;
			defaultConfigurationName = Release;
		};
		D6E1BB7F23CEE8F200D8F1F1 /* Build configuration list for PBXNativeTarget "SPAlertController" */ = {
			isa = XCConfigurationList;
			buildConfigurations = (
				D6E1BB7D23CEE8F200D8F1F1 /* Debug */,
				D6E1BB7E23CEE8F200D8F1F1 /* Release */,
			);
			defaultConfigurationIsVisible = 0;
			defaultConfigurationName = Release;
		};
/* End XCConfigurationList section */
	};
	rootObject = D631516B238E4FD30043D403 /* Project object */;
}
